{
  "originHash" : "9834204253ea061b4999efb414a358cb8e88d73d401b140afc1ceebbe0af36e7",
  "pins" : [
    {
      "identity" : "splash",
      "kind" : "remoteSourceControl",
      "location" : "https://github.com/JohnSundell/Splash.git",
      "state" : {
        "revision" : "7f4df436eb78fe64fe2c32c58006e9949fa28ad8",
        "version" : "0.16.0"
      }
    },
    {
      "identity" : "swift-argument-parser",
      "kind" : "remoteSourceControl",
      "location" : "https://github.com/apple/swift-argument-parser.git",
      "state" : {
        "revision" : "6a52f3251125d74daf04fcbd5e6f08a75d074382",
        "version" : "1.8.2"
      }
    },
    {
      "identity" : "swift-async-algorithms",
      "kind" : "remoteSourceControl",
      "location" : "https://github.com/apple/swift-async-algorithms.git",
      "state" : {
        "revision" : "d0b4a06d0f173a2f3be27d3ea21b3c3aa18db440",
        "version" : "1.1.4"
      }
    },
    {
      "identity" : "swift-collections",
      "kind" : "remoteSourceControl",
      "location" : "https://github.com/apple/swift-collections.git",
      "state" : {
        "revision" : "a0cb0954ecb21e4e31b0070e6ed5674e8556685a",
        "version" : "1.6.0"
      }
    },
    {
      "identity" : "swift-tui",
      "kind" : "remoteSourceControl",
      "location" : "https://github.com/SwiftTUI/swift-tui.git",
      "state" : {
        "revision" : "dc91163d40100f6e3c17d0a548c60fd4f9a20cff",
        "version" : "0.13.5"
      }
    },
    {
      "identity" : "swift-tui-charts",
      "kind" : "remoteSourceControl",
      "location" : "https://github.com/SwiftTUI/swift-tui-charts.git",
      "state" : {
        "revision" : "18d29b5cda757d30f1f9fa14f6c6c991f0c5d6ba",
        "version" : "0.13.5"
      }
    },
    {
      "identity" : "swift-tui-swiftui",
      "kind" : "remoteSourceControl",
      "location" : "https://github.com/SwiftTUI/swift-tui-swiftui.git",
      "state" : {
        "revision" : "0e6584a95e6a9ff840fbb9dfba952d2d5ab0db3c",
        "version" : "0.13.5"
      }
    }
  ],
  "version" : 3
}
