{
  "originHash" : "290ea5481962c0c2cb13f7460e9c70cb31fcd390c17dbf86feb7163b4eeb233b",
  "pins" : [
    {
      "identity" : "swift-argument-parser",
      "kind" : "remoteSourceControl",
      "location" : "https://github.com/apple/swift-argument-parser.git",
      "state" : {
        "revision" : "6a52f3251125d74daf04fcbd5e6f08a75d074382",
        "version" : "1.8.2"
      }
    },
    {
      "identity" : "swift-async-algorithms",
      "kind" : "remoteSourceControl",
      "location" : "https://github.com/apple/swift-async-algorithms.git",
      "state" : {
        "revision" : "3da39bbc4e687d4192af7c9cf4eab805745a0b9c",
        "version" : "1.1.5"
      }
    },
    {
      "identity" : "swift-collections",
      "kind" : "remoteSourceControl",
      "location" : "https://github.com/apple/swift-collections.git",
      "state" : {
        "revision" : "a0cb0954ecb21e4e31b0070e6ed5674e8556685a",
        "version" : "1.6.0"
      }
    },
    {
      "identity" : "swift-tui",
      "kind" : "remoteSourceControl",
      "location" : "https://github.com/SwiftTUI/swift-tui.git",
      "state" : {
        "revision" : "b85099b5c9d2d791d5e067f897f5b8033422d701",
        "version" : "0.7.1"
      }
    },
    {
      "identity" : "swift-tui-charts",
      "kind" : "remoteSourceControl",
      "location" : "https://github.com/SwiftTUI/swift-tui-charts.git",
      "state" : {
        "revision" : "7a3a220967ceb2e2b2f22cfea1f59aa8cb3bc470",
        "version" : "0.7.1"
      }
    },
    {
      "identity" : "swift-tui-swiftui",
      "kind" : "remoteSourceControl",
      "location" : "https://github.com/SwiftTUI/swift-tui-swiftui.git",
      "state" : {
        "revision" : "f9f920d827c491aa93b00b13f32d9beb29910fe0",
        "version" : "0.7.1"
      }
    },
    {
      "identity" : "swiftterm",
      "kind" : "remoteSourceControl",
      "location" : "https://github.com/migueldeicaza/SwiftTerm.git",
      "state" : {
        "revision" : "dd2fb8ac5b861e7bf617c872895e338f38165648",
        "version" : "1.15.0"
      }
    }
  ],
  "version" : 3
}
